// !$*UTF8*$!
{
	archiveVersion = 1;
	classes = {
	};
	objectVersion = 51;
	objects = {

/* Begin PBXBuildFile section */
		13804554FC62FAF6B86FCA25 /* Pods_NibmTaxi.framework in Frameworks */ = {isa = PBXBuildFile; fileRef = CECEAB41504B89C079E39470 /* Pods_NibmTaxi.framework */; };
		1F36737D24DEDBFD00C3C1B5 /* HomeViewController.swift in Sources */ = {isa = PBXBuildFile; fileRef = 1F36737C24DEDBFD00C3C1B5 /* HomeViewController.swift */; };
		1F430A7024DE470000FC5F86 /* AppDelegate.swift in Sources */ = {isa = PBXBuildFile; fileRef = 1F430A6F24DE470000FC5F86 /* AppDelegate.swift */; };
		1F430A7924DE470400FC5F86 /* Assets.xcassets in Resources */ = {isa = PBXBuildFile; fileRef = 1F430A7824DE470400FC5F86 /* Assets.xcassets */; };
		1F430A7C24DE470400FC5F86 /* LaunchScreen.storyboard in Resources */ = {isa = PBXBuildFile; fileRef = 1F430A7A24DE470400FC5F86 /* LaunchScreen.storyboard */; };
		1F430A8924DE48E900FC5F86 /* LoginViewController.swift in Sources */ = {isa = PBXBuildFile; fileRef = 1F430A8824DE48E900FC5F86 /* LoginViewController.swift */; };
		1F430A8B24DE5A8000FC5F86 /* extensions.swift in Sources */ = {isa = PBXBuildFile; fileRef = 1F430A8A24DE5A8000FC5F86 /* extensions.swift */; };
		1F430A8D24DE8E5600FC5F86 /* SignUpViewController.swift in Sources */ = {isa = PBXBuildFile; fileRef = 1F430A8C24DE8E5600FC5F86 /* SignUpViewController.swift */; };
		1F430A8F24DE9B1C00FC5F86 /* AuthButtonUIButton.swift in Sources */ = {isa = PBXBuildFile; fileRef = 1F430A8E24DE9B1C00FC5F86 /* AuthButtonUIButton.swift */; };
		1F430A9124DEB4A100FC5F86 /* GoogleService-Info.plist in Resources */ = {isa = PBXBuildFile; fileRef = 1F430A9024DEB4A100FC5F86 /* GoogleService-Info.plist */; };
		1F6BC4D924DF0DB30035543A /* LocationInputActivationUIView.swift in Sources */ = {isa = PBXBuildFile; fileRef = 1F6BC4D824DF0DB30035543A /* LocationInputActivationUIView.swift */; };
/* End PBXBuildFile section */

/* Begin PBXFileReference section */
		1F36737C24DEDBFD00C3C1B5 /* HomeViewController.swift */ = {isa = PBXFileReference; lastKnownFileType = sourcecode.swift; path = HomeViewController.swift; sourceTree = "<group>"; };
		1F430A6C24DE470000FC5F86 /* NibmTaxi.app */ = {isa = PBXFileReference; explicitFileType = wrapper.application; includeInIndex = 0; path = NibmTaxi.app; sourceTree = BUILT_PRODUCTS_DIR; };
		1F430A6F24DE470000FC5F86 /* AppDelegate.swift */ = {isa = PBXFileReference; lastKnownFileType = sourcecode.swift; path = AppDelegate.swift; sourceTree = "<group>"; };
		1F430A7824DE470400FC5F86 /* Assets.xcassets */ = {isa = PBXFileReference; lastKnownFileType = folder.assetcatalog; path = Assets.xcassets; sourceTree = "<group>"; };
		1F430A7B24DE470400FC5F86 /* Base */ = {isa = PBXFileReference; lastKnownFileType = file.storyboard; name = Base; path = Base.lproj/LaunchScreen.storyboard; sourceTree = "<group>"; };
		1F430A7D24DE470400FC5F86 /* Info.plist */ = {isa = PBXFileReference; lastKnownFileType = text.plist.xml; path = Info.plist; sourceTree = "<group>"; };
		1F430A8824DE48E900FC5F86 /* LoginViewController.swift */ = {isa = PBXFileReference; lastKnownFileType = sourcecode.swift; path = LoginViewController.swift; sourceTree = "<group>"; };
		1F430A8A24DE5A8000FC5F86 /* extensions.swift */ = {isa = PBXFileReference; lastKnownFileType = sourcecode.swift; path = extensions.swift; sourceTree = "<group>"; };
		1F430A8C24DE8E5600FC5F86 /* SignUpViewController.swift */ = {isa = PBXFileReference; lastKnownFileType = sourcecode.swift; path = SignUpViewController.swift; sourceTree = "<group>"; };
		1F430A8E24DE9B1C00FC5F86 /* AuthButtonUIButton.swift */ = {isa = PBXFileReference; lastKnownFileType = sourcecode.swift; path = AuthButtonUIButton.swift; sourceTree = "<group>"; };
		1F430A9024DEB4A100FC5F86 /* GoogleService-Info.plist */ = {isa = PBXFileReference; fileEncoding = 4; lastKnownFileType = text.plist.xml; path = "GoogleService-Info.plist"; sourceTree = "<group>"; };
		1F6BC4D824DF0DB30035543A /* LocationInputActivationUIView.swift */ = {isa = PBXFileReference; lastKnownFileType = sourcecode.swift; path = LocationInputActivationUIView.swift; sourceTree = "<group>"; };
		7B758BC23DC9DA353A83C71C /* Pods-NibmTaxi.release.xcconfig */ = {isa = PBXFileReference; includeInIndex = 1; lastKnownFileType = text.xcconfig; name = "Pods-NibmTaxi.release.xcconfig"; path = "Target Support Files/Pods-NibmTaxi/Pods-NibmTaxi.release.xcconfig"; sourceTree = "<group>"; };
		CECEAB41504B89C079E39470 /* Pods_NibmTaxi.framework */ = {isa = PBXFileReference; explicitFileType = wrapper.framework; includeInIndex = 0; path = Pods_NibmTaxi.framework; sourceTree = BUILT_PRODUCTS_DIR; };
		E7081C0D4B0F5A71CCE16F4E /* Pods-NibmTaxi.debug.xcconfig */ = {isa = PBXFileReference; includeInIndex = 1; lastKnownFileType = text.xcconfig; name = "Pods-NibmTaxi.debug.xcconfig"; path = "Target Support Files/Pods-NibmTaxi/Pods-NibmTaxi.debug.xcconfig"; sourceTree = "<group>"; };
/* End PBXFileReference section */

/* Begin PBXFrameworksBuildPhase section */
		1F430A6924DE470000FC5F86 /* Frameworks */ = {
			isa = PBXFrameworksBuildPhase;
			buildActionMask = 2147483647;
			files = (
				13804554FC62FAF6B86FCA25 /* Pods_NibmTaxi.framework in Frameworks */,
			);
			runOnlyForDeploymentPostprocessing = 0;
		};
/* End PBXFrameworksBuildPhase section */

/* Begin PBXGroup section */
		1F430A6324DE470000FC5F86 = {
			isa = PBXGroup;
			children = (
				1F430A6E24DE470000FC5F86 /* NibmTaxi */,
				1F430A6D24DE470000FC5F86 /* Products */,
				67CEBF1596976E54F3C9F9FA /* Pods */,
				653A33D5A2B50734CFC42BA1 /* Frameworks */,
			);
			sourceTree = "<group>";
		};
		1F430A6D24DE470000FC5F86 /* Products */ = {
			isa = PBXGroup;
			children = (
				1F430A6C24DE470000FC5F86 /* NibmTaxi.app */,
			);
			name = Products;
			sourceTree = "<group>";
		};
		1F430A6E24DE470000FC5F86 /* NibmTaxi */ = {
			isa = PBXGroup;
			children = (
				1F430A8724DE47E500FC5F86 /* Model */,
				1F430A8624DE47E200FC5F86 /* Controller */,
				1F430A8524DE47DF00FC5F86 /* View */,
				1F430A8424DE47DC00FC5F86 /* Service */,
				1F430A8324DE47D900FC5F86 /* Utils */,
				1F430A6F24DE470000FC5F86 /* AppDelegate.swift */,
				1F430A7824DE470400FC5F86 /* Assets.xcassets */,
				1F430A7A24DE470400FC5F86 /* LaunchScreen.storyboard */,
				1F430A9024DEB4A100FC5F86 /* GoogleService-Info.plist */,
				1F430A7D24DE470400FC5F86 /* Info.plist */,
			);
			path = NibmTaxi;
			sourceTree = "<group>";
		};
		1F430A8324DE47D900FC5F86 /* Utils */ = {
			isa = PBXGroup;
			children = (
				1F430A8A24DE5A8000FC5F86 /* extensions.swift */,
			);
			path = Utils;
			sourceTree = "<group>";
		};
		1F430A8424DE47DC00FC5F86 /* Service */ = {
			isa = PBXGroup;
			children = (
			);
			path = Service;
			sourceTree = "<group>";
		};
		1F430A8524DE47DF00FC5F86 /* View */ = {
			isa = PBXGroup;
			children = (
				1F430A8E24DE9B1C00FC5F86 /* AuthButtonUIButton.swift */,
				1F6BC4D824DF0DB30035543A /* LocationInputActivationUIView.swift */,
			);
			path = View;
			sourceTree = "<group>";
		};
		1F430A8624DE47E200FC5F86 /* Controller */ = {
			isa = PBXGroup;
			children = (
				1F430A8824DE48E900FC5F86 /* LoginViewController.swift */,
				1F430A8C24DE8E5600FC5F86 /* SignUpViewController.swift */,
				1F36737C24DEDBFD00C3C1B5 /* HomeViewController.swift */,
			);
			path = Controller;
			sourceTree = "<group>";
		};
		1F430A8724DE47E500FC5F86 /* Model */ = {
			isa = PBXGroup;
			children = (
			);
			path = Model;
			sourceTree = "<group>";
		};
		653A33D5A2B50734CFC42BA1 /* Frameworks */ = {
			isa = PBXGroup;
			children = (
				CECEAB41504B89C079E39470 /* Pods_NibmTaxi.framework */,
			);
			name = Frameworks;
			sourceTree = "<group>";
		};
		67CEBF1596976E54F3C9F9FA /* Pods */ = {
			isa = PBXGroup;
			children = (
				E7081C0D4B0F5A71CCE16F4E /* Pods-NibmTaxi.debug.xcconfig */,
				7B758BC23DC9DA353A83C71C /* Pods-NibmTaxi.release.xcconfig */,
			);
			path = Pods;
			sourceTree = "<group>";
		};
/* End PBXGroup section */

/* Begin PBXNativeTarget section */
		1F430A6B24DE470000FC5F86 /* NibmTaxi */ = {
			isa = PBXNativeTarget;
			buildConfigurationList = 1F430A8024DE470500FC5F86 /* Build configuration list for PBXNativeTarget "NibmTaxi" */;
			buildPhases = (
				9758F7FE877FE5A33DDFB5AE /* [CP] Check Pods Manifest.lock */,
				1F430A6824DE470000FC5F86 /* Sources */,
				1F430A6924DE470000FC5F86 /* Frameworks */,
				1F430A6A24DE470000FC5F86 /* Resources */,
				16C3E645367A07DA4A80AF96 /* [CP] Embed Pods Frameworks */,
			);
			buildRules = (
			);
			dependencies = (
			);
			name = NibmTaxi;
			productName = NibmTaxi;
			productReference = 1F430A6C24DE470000FC5F86 /* NibmTaxi.app */;
			productType = "com.apple.product-type.application";
		};
/* End PBXNativeTarget section */

/* Begin PBXProject section */
		1F430A6424DE470000FC5F86 /* Project object */ = {
			isa = PBXProject;
			attributes = {
				LastSwiftUpdateCheck = 1150;
				LastUpgradeCheck = 1150;
				ORGANIZATIONNAME = nibm;
				TargetAttributes = {
					1F430A6B24DE470000FC5F86 = {
						CreatedOnToolsVersion = 11.5;
					};
				};
			};
			buildConfigurationList = 1F430A6724DE470000FC5F86 /* Build configuration list for PBXProject "NibmTaxi" */;
			compatibilityVersion = "Xcode 9.3";
			developmentRegion = en;
			hasScannedForEncodings = 0;
			knownRegions = (
				en,
				Base,
			);
			mainGroup = 1F430A6324DE470000FC5F86;
			productRefGroup = 1F430A6D24DE470000FC5F86 /* Products */;
			projectDirPath = "";
			projectRoot = "";
			targets = (
				1F430A6B24DE470000FC5F86 /* NibmTaxi */,
			);
		};
/* End PBXProject section */

/* Begin PBXResourcesBuildPhase section */
		1F430A6A24DE470000FC5F86 /* Resources */ = {
			isa = PBXResourcesBuildPhase;
			buildActionMask = 2147483647;
			files = (
				1F430A7C24DE470400FC5F86 /* LaunchScreen.storyboard in Resources */,
				1F430A7924DE470400FC5F86 /* Assets.xcassets in Resources */,
				1F430A9124DEB4A100FC5F86 /* GoogleService-Info.plist in Resources */,
			);
			runOnlyForDeploymentPostprocessing = 0;
		};
/* End PBXResourcesBuildPhase section */

/* Begin PBXShellScriptBuildPhase section */
		16C3E645367A07DA4A80AF96 /* [CP] Embed Pods Frameworks */ = {
			isa = PBXShellScriptBuildPhase;
			buildActionMask = 2147483647;
			files = (
			);
			inputFileListPaths = (
				"${PODS_ROOT}/Target Support Files/Pods-NibmTaxi/Pods-NibmTaxi-frameworks-${CONFIGURATION}-input-files.xcfilelist",
			);
			name = "[CP] Embed Pods Frameworks";
			outputFileListPaths = (
				"${PODS_ROOT}/Target Support Files/Pods-NibmTaxi/Pods-NibmTaxi-frameworks-${CONFIGURATION}-output-files.xcfilelist",
			);
			runOnlyForDeploymentPostprocessing = 0;
			shellPath = /bin/sh;
			shellScript = "\"${PODS_ROOT}/Target Support Files/Pods-NibmTaxi/Pods-NibmTaxi-frameworks.sh\"\n";
			showEnvVarsInLog = 0;
		};
		9758F7FE877FE5A33DDFB5AE /* [CP] Check Pods Manifest.lock */ = {
			isa = PBXShellScriptBuildPhase;
			buildActionMask = 2147483647;
			files = (
			);
			inputFileListPaths = (
			);
			inputPaths = (
				"${PODS_PODFILE_DIR_PATH}/Podfile.lock",
				"${PODS_ROOT}/Manifest.lock",
			);
			name = "[CP] Check Pods Manifest.lock";
			outputFileListPaths = (
			);
			outputPaths = (
				"$(DERIVED_FILE_DIR)/Pods-NibmTaxi-checkManifestLockResult.txt",
			);
			runOnlyForDeploymentPostprocessing = 0;
			shellPath = /bin/sh;
			shellScript = "diff \"${PODS_PODFILE_DIR_PATH}/Podfile.lock\" \"${PODS_ROOT}/Manifest.lock\" > /dev/null\nif [ $? != 0 ] ; then\n    # print error to STDERR\n    echo \"error: The sandbox is not in sync with the Podfile.lock. Run 'pod install' or update your CocoaPods installation.\" >&2\n    exit 1\nfi\n# This output is used by Xcode 'outputs' to avoid re-running this script phase.\necho \"SUCCESS\" > \"${SCRIPT_OUTPUT_FILE_0}\"\n";
			showEnvVarsInLog = 0;
		};
/* End PBXShellScriptBuildPhase section */

/* Begin PBXSourcesBuildPhase section */
		1F430A6824DE470000FC5F86 /* Sources */ = {
			isa = PBXSourcesBuildPhase;
			buildActionMask = 2147483647;
			files = (
				1F430A8924DE48E900FC5F86 /* LoginViewController.swift in Sources */,
				1F430A7024DE470000FC5F86 /* AppDelegate.swift in Sources */,
				1F6BC4D924DF0DB30035543A /* LocationInputActivationUIView.swift in Sources */,
				1F430A8D24DE8E5600FC5F86 /* SignUpViewController.swift in Sources */,
				1F430A8F24DE9B1C00FC5F86 /* AuthButtonUIButton.swift in Sources */,
				1F430A8B24DE5A8000FC5F86 /* extensions.swift in Sources */,
				1F36737D24DEDBFD00C3C1B5 /* HomeViewController.swift in Sources */,
			);
			runOnlyForDeploymentPostprocessing = 0;
		};
/* End PBXSourcesBuildPhase section */

/* Begin PBXVariantGroup section */
		1F430A7A24DE470400FC5F86 /* LaunchScreen.storyboard */ = {
			isa = PBXVariantGroup;
			children = (
				1F430A7B24DE470400FC5F86 /* Base */,
			);
			name = LaunchScreen.storyboard;
			sourceTree = "<group>";
		};
/* End PBXVariantGroup section */

/* Begin XCBuildConfiguration section */
		1F430A7E24DE470500FC5F86 /* Debug */ = {
			isa = XCBuildConfiguration;
			buildSettings = {
				ALWAYS_SEARCH_USER_PATHS = NO;
				CLANG_ANALYZER_NONNULL = YES;
				CLANG_ANALYZER_NUMBER_OBJECT_CONVERSION = YES_AGGRESSIVE;
				CLANG_CXX_LANGUAGE_STANDARD = "gnu++14";
				CLANG_CXX_LIBRARY = "libc++";
				CLANG_ENABLE_MODULES = YES;
				CLANG_ENABLE_OBJC_ARC = YES;
				CLANG_ENABLE_OBJC_WEAK = YES;
				CLANG_WARN_BLOCK_CAPTURE_AUTORELEASING = YES;
				CLANG_WARN_BOOL_CONVERSION = YES;
				CLANG_WARN_COMMA = YES;
				CLANG_WARN_CONSTANT_CONVERSION = YES;
				CLANG_WARN_DEPRECATED_OBJC_IMPLEMENTATIONS = YES;
				CLANG_WARN_DIRECT_OBJC_ISA_USAGE = YES_ERROR;
				CLANG_WARN_DOCUMENTATION_COMMENTS = YES;
				CLANG_WARN_EMPTY_BODY = YES;
				CLANG_WARN_ENUM_CONVERSION = YES;
				CLANG_WARN_INFINITE_RECURSION = YES;
				CLANG_WARN_INT_CONVERSION = YES;
				CLANG_WARN_NON_LITERAL_NULL_CONVERSION = YES;
				CLANG_WARN_OBJC_IMPLICIT_RETAIN_SELF = YES;
				CLANG_WARN_OBJC_LITERAL_CONVERSION = YES;
				CLANG_WARN_OBJC_ROOT_CLASS = YES_ERROR;
				CLANG_WARN_RANGE_LOOP_ANALYSIS = YES;
				CLANG_WARN_STRICT_PROTOTYPES = YES;
				CLANG_WARN_SUSPICIOUS_MOVE = YES;
				CLANG_WARN_UNGUARDED_AVAILABILITY = YES_AGGRESSIVE;
				CLANG_WARN_UNREACHABLE_CODE = YES;
				CLANG_WARN__DUPLICATE_METHOD_MATCH = YES;
				COPY_PHASE_STRIP = NO;
				DEBUG_INFORMATION_FORMAT = dwarf;
				ENABLE_STRICT_OBJC_MSGSEND = YES;
				ENABLE_TESTABILITY = YES;
				GCC_C_LANGUAGE_STANDARD = gnu11;
				GCC_DYNAMIC_NO_PIC = NO;
				GCC_NO_COMMON_BLOCKS = YES;
				GCC_OPTIMIZATION_LEVEL = 0;
				GCC_PREPROCESSOR_DEFINITIONS = (
					"DEBUG=1",
					"$(inherited)",
				);
				GCC_WARN_64_TO_32_BIT_CONVERSION = YES;
				GCC_WARN_ABOUT_RETURN_TYPE = YES_ERROR;
				GCC_WARN_UNDECLARED_SELECTOR = YES;
				GCC_WARN_UNINITIALIZED_AUTOS = YES_AGGRESSIVE;
				GCC_WARN_UNUSED_FUNCTION = YES;
				GCC_WARN_UNUSED_VARIABLE = YES;
				IPHONEOS_DEPLOYMENT_TARGET = 13.5;
				MTL_ENABLE_DEBUG_INFO = INCLUDE_SOURCE;
				MTL_FAST_MATH = YES;
				ONLY_ACTIVE_ARCH = YES;
				SDKROOT = iphoneos;
				SWIFT_ACTIVE_COMPILATION_CONDITIONS = DEBUG;
				SWIFT_OPTIMIZATION_LEVEL = "-Onone";
			};
			name = Debug;
		};
		1F430A7F24DE470500FC5F86 /* Release */ = {
			isa = XCBuildConfiguration;
			buildSettings = {
				ALWAYS_SEARCH_USER_PATHS = NO;
				CLANG_ANALYZER_NONNULL = YES;
				CLANG_ANALYZER_NUMBER_OBJECT_CONVERSION = YES_AGGRESSIVE;
				CLANG_CXX_LANGUAGE_STANDARD = "gnu++14";
				CLANG_CXX_LIBRARY = "libc++";
				CLANG_ENABLE_MODULES = YES;
				CLANG_ENABLE_OBJC_ARC = YES;
				CLANG_ENABLE_OBJC_WEAK = YES;
				CLANG_WARN_BLOCK_CAPTURE_AUTORELEASING = YES;
				CLANG_WARN_BOOL_CONVERSION = YES;
				CLANG_WARN_COMMA = YES;
				CLANG_WARN_CONSTANT_CONVERSION = YES;
				CLANG_WARN_DEPRECATED_OBJC_IMPLEMENTATIONS = YES;
				CLANG_WARN_DIRECT_OBJC_ISA_USAGE = YES_ERROR;
				CLANG_WARN_DOCUMENTATION_COMMENTS = YES;
				CLANG_WARN_EMPTY_BODY = YES;
				CLANG_WARN_ENUM_CONVERSION = YES;
				CLANG_WARN_INFINITE_RECURSION = YES;
				CLANG_WARN_INT_CONVERSION = YES;
				CLANG_WARN_NON_LITERAL_NULL_CONVERSION = YES;
				CLANG_WARN_OBJC_IMPLICIT_RETAIN_SELF = YES;
				CLANG_WARN_OBJC_LITERAL_CONVERSION = YES;
				CLANG_WARN_OBJC_ROOT_CLASS = YES_ERROR;
				CLANG_WARN_RANGE_LOOP_ANALYSIS = YES;
				CLANG_WARN_STRICT_PROTOTYPES = YES;
				CLANG_WARN_SUSPICIOUS_MOVE = YES;
				CLANG_WARN_UNGUARDED_AVAILABILITY = YES_AGGRESSIVE;
				CLANG_WARN_UNREACHABLE_CODE = YES;
				CLANG_WARN__DUPLICATE_METHOD_MATCH = YES;
				COPY_PHASE_STRIP = NO;
				DEBUG_INFORMATION_FORMAT = "dwarf-with-dsym";
				ENABLE_NS_ASSERTIONS = NO;
				ENABLE_STRICT_OBJC_MSGSEND = YES;
				GCC_C_LANGUAGE_STANDARD = gnu11;
				GCC_NO_COMMON_BLOCKS = YES;
				GCC_WARN_64_TO_32_BIT_CONVERSION = YES;
				GCC_WARN_ABOUT_RETURN_TYPE = YES_ERROR;
				GCC_WARN_UNDECLARED_SELECTOR = YES;
				GCC_WARN_UNINITIALIZED_AUTOS = YES_AGGRESSIVE;
				GCC_WARN_UNUSED_FUNCTION = YES;
				GCC_WARN_UNUSED_VARIABLE = YES;
				IPHONEOS_DEPLOYMENT_TARGET = 13.5;
				MTL_ENABLE_DEBUG_INFO = NO;
				MTL_FAST_MATH = YES;
				SDKROOT = iphoneos;
				SWIFT_COMPILATION_MODE = wholemodule;
				SWIFT_OPTIMIZATION_LEVEL = "-O";
				VALIDATE_PRODUCT = YES;
			};
			name = Release;
		};
		1F430A8124DE470500FC5F86 /* Debug */ = {
			isa = XCBuildConfiguration;
			baseConfigurationReference = E7081C0D4B0F5A71CCE16F4E /* Pods-NibmTaxi.debug.xcconfig */;
			buildSettings = {
				ASSETCATALOG_COMPILER_APPICON_NAME = AppIcon;
				CODE_SIGN_STYLE = Automatic;
				DEVELOPMENT_TEAM = N4NSHUT9U3;
				INFOPLIST_FILE = NibmTaxi/Info.plist;
				LD_RUNPATH_SEARCH_PATHS = (
					"$(inherited)",
					"@executable_path/Frameworks",
				);
				PRODUCT_BUNDLE_IDENTIFIER = com.nibm.NibmTaxi;
				PRODUCT_NAME = "$(TARGET_NAME)";
				SWIFT_VERSION = 5.0;
				TARGETED_DEVICE_FAMILY = "1,2";
			};
			name = Debug;
		};
		1F430A8224DE470500FC5F86 /* Release */ = {
			isa = XCBuildConfiguration;
			baseConfigurationReference = 7B758BC23DC9DA353A83C71C /* Pods-NibmTaxi.release.xcconfig */;
			buildSettings = {
				ASSETCATALOG_COMPILER_APPICON_NAME = AppIcon;
				CODE_SIGN_STYLE = Automatic;
				DEVELOPMENT_TEAM = N4NSHUT9U3;
				INFOPLIST_FILE = NibmTaxi/Info.plist;
				LD_RUNPATH_SEARCH_PATHS = (
					"$(inherited)",
					"@executable_path/Frameworks",
				);
				PRODUCT_BUNDLE_IDENTIFIER = com.nibm.NibmTaxi;
				PRODUCT_NAME = "$(TARGET_NAME)";
				SWIFT_VERSION = 5.0;
				TARGETED_DEVICE_FAMILY = "1,2";
			};
			name = Release;
		};
/* End XCBuildConfiguration section */

/* Begin XCConfigurationList section */
		1F430A6724DE470000FC5F86 /* Build configuration list for PBXProject "NibmTaxi" */ = {
			isa = XCConfigurationList;
			buildConfigurations = (
				1F430A7E24DE470500FC5F86 /* Debug */,
				1F430A7F24DE470500FC5F86 /* Release */,
			);
			defaultConfigurationIsVisible = 0;
			defaultConfigurationName = Release;
		};
		1F430A8024DE470500FC5F86 /* Build configuration list for PBXNativeTarget "NibmTaxi" */ = {
			isa = XCConfigurationList;
			buildConfigurations = (
				1F430A8124DE470500FC5F86 /* Debug */,
				1F430A8224DE470500FC5F86 /* Release */,
			);
			defaultConfigurationIsVisible = 0;
			defaultConfigurationName = Release;
		};
/* End XCConfigurationList section */
	};
	rootObject = 1F430A6424DE470000FC5F86 /* Project object */;
}
