// !$*UTF8*$!
{
	archiveVersion = 1;
	classes = {
	};
	objectVersion = 50;
	objects = {

/* Begin PBXBuildFile section */
		1F32E86024CCA09E009380D8 /* AppDelegate.swift in Sources */ = {isa = PBXBuildFile; fileRef = 1F32E85F24CCA09E009380D8 /* AppDelegate.swift */; };
		1F32E86224CCA09E009380D8 /* SceneDelegate.swift in Sources */ = {isa = PBXBuildFile; fileRef = 1F32E86124CCA09E009380D8 /* SceneDelegate.swift */; };
		1F32E86424CCA09E009380D8 /* ViewController.swift in Sources */ = {isa = PBXBuildFile; fileRef = 1F32E86324CCA09E009380D8 /* ViewController.swift */; };
		1F32E86724CCA09E009380D8 /* Main.storyboard in Resources */ = {isa = PBXBuildFile; fileRef = 1F32E86524CCA09E009380D8 /* Main.storyboard */; };
		1F32E86924CCA0A0009380D8 /* Assets.xcassets in Resources */ = {isa = PBXBuildFile; fileRef = 1F32E86824CCA0A0009380D8 /* Assets.xcassets */; };
		1F32E86C24CCA0A0009380D8 /* LaunchScreen.storyboard in Resources */ = {isa = PBXBuildFile; fileRef = 1F32E86A24CCA0A0009380D8 /* LaunchScreen.storyboard */; };
		1F32E89C24CD74D1009380D8 /* RestViewController.swift in Sources */ = {isa = PBXBuildFile; fileRef = 1F32E89B24CD74D1009380D8 /* RestViewController.swift */; };
		1FC8F04824D6729500C635D6 /* HttpClientApi.swift in Sources */ = {isa = PBXBuildFile; fileRef = 1FC8F04724D6729500C635D6 /* HttpClientApi.swift */; };
		1FC8F04A24D6775600C635D6 /* PostTableViewController.swift in Sources */ = {isa = PBXBuildFile; fileRef = 1FC8F04924D6775600C635D6 /* PostTableViewController.swift */; };
		1FC8F04C24D677B500C635D6 /* PostTableViewCell.swift in Sources */ = {isa = PBXBuildFile; fileRef = 1FC8F04B24D677B400C635D6 /* PostTableViewCell.swift */; };
/* End PBXBuildFile section */

/* Begin PBXFileReference section */
		1F32E85C24CCA09E009380D8 /* restapi.app */ = {isa = PBXFileReference; explicitFileType = wrapper.application; includeInIndex = 0; path = restapi.app; sourceTree = BUILT_PRODUCTS_DIR; };
		1F32E85F24CCA09E009380D8 /* AppDelegate.swift */ = {isa = PBXFileReference; lastKnownFileType = sourcecode.swift; path = AppDelegate.swift; sourceTree = "<group>"; };
		1F32E86124CCA09E009380D8 /* SceneDelegate.swift */ = {isa = PBXFileReference; lastKnownFileType = sourcecode.swift; path = SceneDelegate.swift; sourceTree = "<group>"; };
		1F32E86324CCA09E009380D8 /* ViewController.swift */ = {isa = PBXFileReference; lastKnownFileType = sourcecode.swift; path = ViewController.swift; sourceTree = "<group>"; };
		1F32E86624CCA09E009380D8 /* Base */ = {isa = PBXFileReference; lastKnownFileType = file.storyboard; name = Base; path = Base.lproj/Main.storyboard; sourceTree = "<group>"; };
		1F32E86824CCA0A0009380D8 /* Assets.xcassets */ = {isa = PBXFileReference; lastKnownFileType = folder.assetcatalog; path = Assets.xcassets; sourceTree = "<group>"; };
		1F32E86B24CCA0A0009380D8 /* Base */ = {isa = PBXFileReference; lastKnownFileType = file.storyboard; name = Base; path = Base.lproj/LaunchScreen.storyboard; sourceTree = "<group>"; };
		1F32E86D24CCA0A0009380D8 /* Info.plist */ = {isa = PBXFileReference; lastKnownFileType = text.plist.xml; path = Info.plist; sourceTree = "<group>"; };
		1F32E89B24CD74D1009380D8 /* RestViewController.swift */ = {isa = PBXFileReference; lastKnownFileType = sourcecode.swift; path = RestViewController.swift; sourceTree = "<group>"; };
		1FC8F04724D6729500C635D6 /* HttpClientApi.swift */ = {isa = PBXFileReference; lastKnownFileType = sourcecode.swift; path = HttpClientApi.swift; sourceTree = "<group>"; };
		1FC8F04924D6775600C635D6 /* PostTableViewController.swift */ = {isa = PBXFileReference; lastKnownFileType = sourcecode.swift; path = PostTableViewController.swift; sourceTree = "<group>"; };
		1FC8F04B24D677B400C635D6 /* PostTableViewCell.swift */ = {isa = PBXFileReference; lastKnownFileType = sourcecode.swift; path = PostTableViewCell.swift; sourceTree = "<group>"; };
/* End PBXFileReference section */

/* Begin PBXFrameworksBuildPhase section */
		1F32E85924CCA09E009380D8 /* Frameworks */ = {
			isa = PBXFrameworksBuildPhase;
			buildActionMask = 2147483647;
			files = (
			);
			runOnlyForDeploymentPostprocessing = 0;
		};
/* End PBXFrameworksBuildPhase section */

/* Begin PBXGroup section */
		1F32E85324CCA09E009380D8 = {
			isa = PBXGroup;
			children = (
				1F32E85E24CCA09E009380D8 /* restapi */,
				1F32E85D24CCA09E009380D8 /* Products */,
			);
			sourceTree = "<group>";
		};
		1F32E85D24CCA09E009380D8 /* Products */ = {
			isa = PBXGroup;
			children = (
				1F32E85C24CCA09E009380D8 /* restapi.app */,
			);
			name = Products;
			sourceTree = "<group>";
		};
		1F32E85E24CCA09E009380D8 /* restapi */ = {
			isa = PBXGroup;
			children = (
				1F32E85F24CCA09E009380D8 /* AppDelegate.swift */,
				1F32E86124CCA09E009380D8 /* SceneDelegate.swift */,
				1F32E86324CCA09E009380D8 /* ViewController.swift */,
				1F32E86524CCA09E009380D8 /* Main.storyboard */,
				1F32E86824CCA0A0009380D8 /* Assets.xcassets */,
				1F32E86A24CCA0A0009380D8 /* LaunchScreen.storyboard */,
				1F32E86D24CCA0A0009380D8 /* Info.plist */,
				1F32E89B24CD74D1009380D8 /* RestViewController.swift */,
				1FC8F04724D6729500C635D6 /* HttpClientApi.swift */,
				1FC8F04924D6775600C635D6 /* PostTableViewController.swift */,
				1FC8F04B24D677B400C635D6 /* PostTableViewCell.swift */,
			);
			path = restapi;
			sourceTree = "<group>";
		};
/* End PBXGroup section */

/* Begin PBXNativeTarget section */
		1F32E85B24CCA09E009380D8 /* restapi */ = {
			isa = PBXNativeTarget;
			buildConfigurationList = 1F32E87024CCA0A0009380D8 /* Build configuration list for PBXNativeTarget "restapi" */;
			buildPhases = (
				1F32E85824CCA09E009380D8 /* Sources */,
				1F32E85924CCA09E009380D8 /* Frameworks */,
				1F32E85A24CCA09E009380D8 /* Resources */,
			);
			buildRules = (
			);
			dependencies = (
			);
			name = restapi;
			productName = restapi;
			productReference = 1F32E85C24CCA09E009380D8 /* restapi.app */;
			productType = "com.apple.product-type.application";
		};
/* End PBXNativeTarget section */

/* Begin PBXProject section */
		1F32E85424CCA09E009380D8 /* Project object */ = {
			isa = PBXProject;
			attributes = {
				LastSwiftUpdateCheck = 1150;
				LastUpgradeCheck = 1150;
				ORGANIZATIONNAME = nibm;
				TargetAttributes = {
					1F32E85B24CCA09E009380D8 = {
						CreatedOnToolsVersion = 11.5;
					};
				};
			};
			buildConfigurationList = 1F32E85724CCA09E009380D8 /* Build configuration list for PBXProject "restapi" */;
			compatibilityVersion = "Xcode 9.3";
			developmentRegion = en;
			hasScannedForEncodings = 0;
			knownRegions = (
				en,
				Base,
			);
			mainGroup = 1F32E85324CCA09E009380D8;
			productRefGroup = 1F32E85D24CCA09E009380D8 /* Products */;
			projectDirPath = "";
			projectRoot = "";
			targets = (
				1F32E85B24CCA09E009380D8 /* restapi */,
			);
		};
/* End PBXProject section */

/* Begin PBXResourcesBuildPhase section */
		1F32E85A24CCA09E009380D8 /* Resources */ = {
			isa = PBXResourcesBuildPhase;
			buildActionMask = 2147483647;
			files = (
				1F32E86C24CCA0A0009380D8 /* LaunchScreen.storyboard in Resources */,
				1F32E86924CCA0A0009380D8 /* Assets.xcassets in Resources */,
				1F32E86724CCA09E009380D8 /* Main.storyboard in Resources */,
			);
			runOnlyForDeploymentPostprocessing = 0;
		};
/* End PBXResourcesBuildPhase section */

/* Begin PBXSourcesBuildPhase section */
		1F32E85824CCA09E009380D8 /* Sources */ = {
			isa = PBXSourcesBuildPhase;
			buildActionMask = 2147483647;
			files = (
				1FC8F04C24D677B500C635D6 /* PostTableViewCell.swift in Sources */,
				1F32E89C24CD74D1009380D8 /* RestViewController.swift in Sources */,
				1FC8F04A24D6775600C635D6 /* PostTableViewController.swift in Sources */,
				1FC8F04824D6729500C635D6 /* HttpClientApi.swift in Sources */,
				1F32E86424CCA09E009380D8 /* ViewController.swift in Sources */,
				1F32E86024CCA09E009380D8 /* AppDelegate.swift in Sources */,
				1F32E86224CCA09E009380D8 /* SceneDelegate.swift in Sources */,
			);
			runOnlyForDeploymentPostprocessing = 0;
		};
/* End PBXSourcesBuildPhase section */

/* Begin PBXVariantGroup section */
		1F32E86524CCA09E009380D8 /* Main.storyboard */ = {
			isa = PBXVariantGroup;
			children = (
				1F32E86624CCA09E009380D8 /* Base */,
			);
			name = Main.storyboard;
			sourceTree = "<group>";
		};
		1F32E86A24CCA0A0009380D8 /* LaunchScreen.storyboard */ = {
			isa = PBXVariantGroup;
			children = (
				1F32E86B24CCA0A0009380D8 /* Base */,
			);
			name = LaunchScreen.storyboard;
			sourceTree = "<group>";
		};
/* End PBXVariantGroup section */

/* Begin XCBuildConfiguration section */
		1F32E86E24CCA0A0009380D8 /* Debug */ = {
			isa = XCBuildConfiguration;
			buildSettings = {
				ALWAYS_SEARCH_USER_PATHS = NO;
				CLANG_ANALYZER_NONNULL = YES;
				CLANG_ANALYZER_NUMBER_OBJECT_CONVERSION = YES_AGGRESSIVE;
				CLANG_CXX_LANGUAGE_STANDARD = "gnu++14";
				CLANG_CXX_LIBRARY = "libc++";
				CLANG_ENABLE_MODULES = YES;
				CLANG_ENABLE_OBJC_ARC = YES;
				CLANG_ENABLE_OBJC_WEAK = YES;
				CLANG_WARN_BLOCK_CAPTURE_AUTORELEASING = YES;
				CLANG_WARN_BOOL_CONVERSION = YES;
				CLANG_WARN_COMMA = YES;
				CLANG_WARN_CONSTANT_CONVERSION = YES;
				CLANG_WARN_DEPRECATED_OBJC_IMPLEMENTATIONS = YES;
				CLANG_WARN_DIRECT_OBJC_ISA_USAGE = YES_ERROR;
				CLANG_WARN_DOCUMENTATION_COMMENTS = YES;
				CLANG_WARN_EMPTY_BODY = YES;
				CLANG_WARN_ENUM_CONVERSION = YES;
				CLANG_WARN_INFINITE_RECURSION = YES;
				CLANG_WARN_INT_CONVERSION = YES;
				CLANG_WARN_NON_LITERAL_NULL_CONVERSION = YES;
				CLANG_WARN_OBJC_IMPLICIT_RETAIN_SELF = YES;
				CLANG_WARN_OBJC_LITERAL_CONVERSION = YES;
				CLANG_WARN_OBJC_ROOT_CLASS = YES_ERROR;
				CLANG_WARN_RANGE_LOOP_ANALYSIS = YES;
				CLANG_WARN_STRICT_PROTOTYPES = YES;
				CLANG_WARN_SUSPICIOUS_MOVE = YES;
				CLANG_WARN_UNGUARDED_AVAILABILITY = YES_AGGRESSIVE;
				CLANG_WARN_UNREACHABLE_CODE = YES;
				CLANG_WARN__DUPLICATE_METHOD_MATCH = YES;
				COPY_PHASE_STRIP = NO;
				DEBUG_INFORMATION_FORMAT = dwarf;
				ENABLE_STRICT_OBJC_MSGSEND = YES;
				ENABLE_TESTABILITY = YES;
				GCC_C_LANGUAGE_STANDARD = gnu11;
				GCC_DYNAMIC_NO_PIC = NO;
				GCC_NO_COMMON_BLOCKS = YES;
				GCC_OPTIMIZATION_LEVEL = 0;
				GCC_PREPROCESSOR_DEFINITIONS = (
					"DEBUG=1",
					"$(inherited)",
				);
				GCC_WARN_64_TO_32_BIT_CONVERSION = YES;
				GCC_WARN_ABOUT_RETURN_TYPE = YES_ERROR;
				GCC_WARN_UNDECLARED_SELECTOR = YES;
				GCC_WARN_UNINITIALIZED_AUTOS = YES_AGGRESSIVE;
				GCC_WARN_UNUSED_FUNCTION = YES;
				GCC_WARN_UNUSED_VARIABLE = YES;
				IPHONEOS_DEPLOYMENT_TARGET = 13.5;
				MTL_ENABLE_DEBUG_INFO = INCLUDE_SOURCE;
				MTL_FAST_MATH = YES;
				ONLY_ACTIVE_ARCH = YES;
				SDKROOT = iphoneos;
				SWIFT_ACTIVE_COMPILATION_CONDITIONS = DEBUG;
				SWIFT_OPTIMIZATION_LEVEL = "-Onone";
			};
			name = Debug;
		};
		1F32E86F24CCA0A0009380D8 /* Release */ = {
			isa = XCBuildConfiguration;
			buildSettings = {
				ALWAYS_SEARCH_USER_PATHS = NO;
				CLANG_ANALYZER_NONNULL = YES;
				CLANG_ANALYZER_NUMBER_OBJECT_CONVERSION = YES_AGGRESSIVE;
				CLANG_CXX_LANGUAGE_STANDARD = "gnu++14";
				CLANG_CXX_LIBRARY = "libc++";
				CLANG_ENABLE_MODULES = YES;
				CLANG_ENABLE_OBJC_ARC = YES;
				CLANG_ENABLE_OBJC_WEAK = YES;
				CLANG_WARN_BLOCK_CAPTURE_AUTORELEASING = YES;
				CLANG_WARN_BOOL_CONVERSION = YES;
				CLANG_WARN_COMMA = YES;
				CLANG_WARN_CONSTANT_CONVERSION = YES;
				CLANG_WARN_DEPRECATED_OBJC_IMPLEMENTATIONS = YES;
				CLANG_WARN_DIRECT_OBJC_ISA_USAGE = YES_ERROR;
				CLANG_WARN_DOCUMENTATION_COMMENTS = YES;
				CLANG_WARN_EMPTY_BODY = YES;
				CLANG_WARN_ENUM_CONVERSION = YES;
				CLANG_WARN_INFINITE_RECURSION = YES;
				CLANG_WARN_INT_CONVERSION = YES;
				CLANG_WARN_NON_LITERAL_NULL_CONVERSION = YES;
				CLANG_WARN_OBJC_IMPLICIT_RETAIN_SELF = YES;
				CLANG_WARN_OBJC_LITERAL_CONVERSION = YES;
				CLANG_WARN_OBJC_ROOT_CLASS = YES_ERROR;
				CLANG_WARN_RANGE_LOOP_ANALYSIS = YES;
				CLANG_WARN_STRICT_PROTOTYPES = YES;
				CLANG_WARN_SUSPICIOUS_MOVE = YES;
				CLANG_WARN_UNGUARDED_AVAILABILITY = YES_AGGRESSIVE;
				CLANG_WARN_UNREACHABLE_CODE = YES;
				CLANG_WARN__DUPLICATE_METHOD_MATCH = YES;
				COPY_PHASE_STRIP = NO;
				DEBUG_INFORMATION_FORMAT = "dwarf-with-dsym";
				ENABLE_NS_ASSERTIONS = NO;
				ENABLE_STRICT_OBJC_MSGSEND = YES;
				GCC_C_LANGUAGE_STANDARD = gnu11;
				GCC_NO_COMMON_BLOCKS = YES;
				GCC_WARN_64_TO_32_BIT_CONVERSION = YES;
				GCC_WARN_ABOUT_RETURN_TYPE = YES_ERROR;
				GCC_WARN_UNDECLARED_SELECTOR = YES;
				GCC_WARN_UNINITIALIZED_AUTOS = YES_AGGRESSIVE;
				GCC_WARN_UNUSED_FUNCTION = YES;
				GCC_WARN_UNUSED_VARIABLE = YES;
				IPHONEOS_DEPLOYMENT_TARGET = 13.5;
				MTL_ENABLE_DEBUG_INFO = NO;
				MTL_FAST_MATH = YES;
				SDKROOT = iphoneos;
				SWIFT_COMPILATION_MODE = wholemodule;
				SWIFT_OPTIMIZATION_LEVEL = "-O";
				VALIDATE_PRODUCT = YES;
			};
			name = Release;
		};
		1F32E87124CCA0A0009380D8 /* Debug */ = {
			isa = XCBuildConfiguration;
			buildSettings = {
				ASSETCATALOG_COMPILER_APPICON_NAME = AppIcon;
				CODE_SIGN_STYLE = Automatic;
				DEVELOPMENT_TEAM = N4NSHUT9U3;
				INFOPLIST_FILE = restapi/Info.plist;
				LD_RUNPATH_SEARCH_PATHS = (
					"$(inherited)",
					"@executable_path/Frameworks",
				);
				PRODUCT_BUNDLE_IDENTIFIER = com.nibm.restapi;
				PRODUCT_NAME = "$(TARGET_NAME)";
				SWIFT_VERSION = 5.0;
				TARGETED_DEVICE_FAMILY = "1,2";
			};
			name = Debug;
		};
		1F32E87224CCA0A0009380D8 /* Release */ = {
			isa = XCBuildConfiguration;
			buildSettings = {
				ASSETCATALOG_COMPILER_APPICON_NAME = AppIcon;
				CODE_SIGN_STYLE = Automatic;
				DEVELOPMENT_TEAM = N4NSHUT9U3;
				INFOPLIST_FILE = restapi/Info.plist;
				LD_RUNPATH_SEARCH_PATHS = (
					"$(inherited)",
					"@executable_path/Frameworks",
				);
				PRODUCT_BUNDLE_IDENTIFIER = com.nibm.restapi;
				PRODUCT_NAME = "$(TARGET_NAME)";
				SWIFT_VERSION = 5.0;
				TARGETED_DEVICE_FAMILY = "1,2";
			};
			name = Release;
		};
/* End XCBuildConfiguration section */

/* Begin XCConfigurationList section */
		1F32E85724CCA09E009380D8 /* Build configuration list for PBXProject "restapi" */ = {
			isa = XCConfigurationList;
			buildConfigurations = (
				1F32E86E24CCA0A0009380D8 /* Debug */,
				1F32E86F24CCA0A0009380D8 /* Release */,
			);
			defaultConfigurationIsVisible = 0;
			defaultConfigurationName = Release;
		};
		1F32E87024CCA0A0009380D8 /* Build configuration list for PBXNativeTarget "restapi" */ = {
			isa = XCConfigurationList;
			buildConfigurations = (
				1F32E87124CCA0A0009380D8 /* Debug */,
				1F32E87224CCA0A0009380D8 /* Release */,
			);
			defaultConfigurationIsVisible = 0;
			defaultConfigurationName = Release;
		};
/* End XCConfigurationList section */
	};
	rootObject = 1F32E85424CCA09E009380D8 /* Project object */;
}
