// !$*UTF8*$!
{
	archiveVersion = 1;
	classes = {
	};
	objectVersion = 50;
	objects = {

/* Begin PBXBuildFile section */
		1FFD505E24BAC1F6009E89A9 /* EXAuthViewController.swift in Sources */ = {isa = PBXBuildFile; fileRef = 1FFD505D24BAC1F6009E89A9 /* EXAuthViewController.swift */; };
		E8D2F52324B711D600B55295 /* AppDelegate.swift in Sources */ = {isa = PBXBuildFile; fileRef = E8D2F52224B711D600B55295 /* AppDelegate.swift */; };
		E8D2F52524B711D600B55295 /* SceneDelegate.swift in Sources */ = {isa = PBXBuildFile; fileRef = E8D2F52424B711D600B55295 /* SceneDelegate.swift */; };
		E8D2F52724B711D600B55295 /* AuthViewController.swift in Sources */ = {isa = PBXBuildFile; fileRef = E8D2F52624B711D600B55295 /* AuthViewController.swift */; };
		E8D2F52A24B711D600B55295 /* Main.storyboard in Resources */ = {isa = PBXBuildFile; fileRef = E8D2F52824B711D600B55295 /* Main.storyboard */; };
		E8D2F52C24B711D900B55295 /* Assets.xcassets in Resources */ = {isa = PBXBuildFile; fileRef = E8D2F52B24B711D900B55295 /* Assets.xcassets */; };
		E8D2F52F24B711D900B55295 /* LaunchScreen.storyboard in Resources */ = {isa = PBXBuildFile; fileRef = E8D2F52D24B711D900B55295 /* LaunchScreen.storyboard */; };
		E8D2F53724B7129800B55295 /* ASButton.swift in Sources */ = {isa = PBXBuildFile; fileRef = E8D2F53624B7129800B55295 /* ASButton.swift */; };
		E8D2F53924B712E200B55295 /* Constants.swift in Sources */ = {isa = PBXBuildFile; fileRef = E8D2F53824B712E200B55295 /* Constants.swift */; };
		E8D2F53B24B7132100B55295 /* ASTextField.swift in Sources */ = {isa = PBXBuildFile; fileRef = E8D2F53A24B7132100B55295 /* ASTextField.swift */; };
		E8D2F53F24B7146B00B55295 /* RoundableImageViewIB.swift in Sources */ = {isa = PBXBuildFile; fileRef = E8D2F53E24B7146B00B55295 /* RoundableImageViewIB.swift */; };
		E8D2F54124B7157200B55295 /* ASExtentions.swift in Sources */ = {isa = PBXBuildFile; fileRef = E8D2F54024B7157200B55295 /* ASExtentions.swift */; };
		E8D2F54524B7162D00B55295 /* RoundedImageView.swift in Sources */ = {isa = PBXBuildFile; fileRef = E8D2F54424B7162D00B55295 /* RoundedImageView.swift */; };
/* End PBXBuildFile section */

/* Begin PBXFileReference section */
		1FFD505D24BAC1F6009E89A9 /* EXAuthViewController.swift */ = {isa = PBXFileReference; lastKnownFileType = sourcecode.swift; path = EXAuthViewController.swift; sourceTree = "<group>"; };
		E8D2F51F24B711D600B55295 /* auth_screen.app */ = {isa = PBXFileReference; explicitFileType = wrapper.application; includeInIndex = 0; path = auth_screen.app; sourceTree = BUILT_PRODUCTS_DIR; };
		E8D2F52224B711D600B55295 /* AppDelegate.swift */ = {isa = PBXFileReference; lastKnownFileType = sourcecode.swift; path = AppDelegate.swift; sourceTree = "<group>"; };
		E8D2F52424B711D600B55295 /* SceneDelegate.swift */ = {isa = PBXFileReference; lastKnownFileType = sourcecode.swift; path = SceneDelegate.swift; sourceTree = "<group>"; };
		E8D2F52624B711D600B55295 /* AuthViewController.swift */ = {isa = PBXFileReference; lastKnownFileType = sourcecode.swift; path = AuthViewController.swift; sourceTree = "<group>"; };
		E8D2F52924B711D600B55295 /* Base */ = {isa = PBXFileReference; lastKnownFileType = file.storyboard; name = Base; path = Base.lproj/Main.storyboard; sourceTree = "<group>"; };
		E8D2F52B24B711D900B55295 /* Assets.xcassets */ = {isa = PBXFileReference; lastKnownFileType = folder.assetcatalog; path = Assets.xcassets; sourceTree = "<group>"; };
		E8D2F52E24B711D900B55295 /* Base */ = {isa = PBXFileReference; lastKnownFileType = file.storyboard; name = Base; path = Base.lproj/LaunchScreen.storyboard; sourceTree = "<group>"; };
		E8D2F53024B711D900B55295 /* Info.plist */ = {isa = PBXFileReference; lastKnownFileType = text.plist.xml; path = Info.plist; sourceTree = "<group>"; };
		E8D2F53624B7129800B55295 /* ASButton.swift */ = {isa = PBXFileReference; lastKnownFileType = sourcecode.swift; path = ASButton.swift; sourceTree = "<group>"; };
		E8D2F53824B712E200B55295 /* Constants.swift */ = {isa = PBXFileReference; lastKnownFileType = sourcecode.swift; path = Constants.swift; sourceTree = "<group>"; };
		E8D2F53A24B7132100B55295 /* ASTextField.swift */ = {isa = PBXFileReference; lastKnownFileType = sourcecode.swift; path = ASTextField.swift; sourceTree = "<group>"; };
		E8D2F53E24B7146B00B55295 /* RoundableImageViewIB.swift */ = {isa = PBXFileReference; lastKnownFileType = sourcecode.swift; path = RoundableImageViewIB.swift; sourceTree = "<group>"; };
		E8D2F54024B7157200B55295 /* ASExtentions.swift */ = {isa = PBXFileReference; lastKnownFileType = sourcecode.swift; path = ASExtentions.swift; sourceTree = "<group>"; };
		E8D2F54424B7162D00B55295 /* RoundedImageView.swift */ = {isa = PBXFileReference; lastKnownFileType = sourcecode.swift; path = RoundedImageView.swift; sourceTree = "<group>"; };
/* End PBXFileReference section */

/* Begin PBXFrameworksBuildPhase section */
		E8D2F51C24B711D600B55295 /* Frameworks */ = {
			isa = PBXFrameworksBuildPhase;
			buildActionMask = 2147483647;
			files = (
			);
			runOnlyForDeploymentPostprocessing = 0;
		};
/* End PBXFrameworksBuildPhase section */

/* Begin PBXGroup section */
		1FFD505C24BAC1CE009E89A9 /* AS */ = {
			isa = PBXGroup;
			children = (
				1FFD505D24BAC1F6009E89A9 /* EXAuthViewController.swift */,
			);
			path = AS;
			sourceTree = "<group>";
		};
		E8D2F51624B711D600B55295 = {
			isa = PBXGroup;
			children = (
				E8D2F52124B711D600B55295 /* auth_screen */,
				E8D2F52024B711D600B55295 /* Products */,
			);
			sourceTree = "<group>";
		};
		E8D2F52024B711D600B55295 /* Products */ = {
			isa = PBXGroup;
			children = (
				E8D2F51F24B711D600B55295 /* auth_screen.app */,
			);
			name = Products;
			sourceTree = "<group>";
		};
		E8D2F52124B711D600B55295 /* auth_screen */ = {
			isa = PBXGroup;
			children = (
				E8D2F52224B711D600B55295 /* AppDelegate.swift */,
				E8D2F52624B711D600B55295 /* AuthViewController.swift */,
				E8D2F53D24B7138B00B55295 /* SupportFiles */,
				E8D2F53C24B7136B00B55295 /* CustomUI */,
				E8D2F54224B7159900B55295 /* Extensions */,
				E8D2F53824B712E200B55295 /* Constants.swift */,
				E8D2F53024B711D900B55295 /* Info.plist */,
			);
			path = auth_screen;
			sourceTree = "<group>";
		};
		E8D2F53C24B7136B00B55295 /* CustomUI */ = {
			isa = PBXGroup;
			children = (
				E8D2F53624B7129800B55295 /* ASButton.swift */,
				E8D2F53A24B7132100B55295 /* ASTextField.swift */,
				E8D2F53E24B7146B00B55295 /* RoundableImageViewIB.swift */,
				E8D2F54424B7162D00B55295 /* RoundedImageView.swift */,
			);
			path = CustomUI;
			sourceTree = "<group>";
		};
		E8D2F53D24B7138B00B55295 /* SupportFiles */ = {
			isa = PBXGroup;
			children = (
				E8D2F52424B711D600B55295 /* SceneDelegate.swift */,
				E8D2F52824B711D600B55295 /* Main.storyboard */,
				E8D2F52B24B711D900B55295 /* Assets.xcassets */,
				E8D2F52D24B711D900B55295 /* LaunchScreen.storyboard */,
			);
			path = SupportFiles;
			sourceTree = "<group>";
		};
		E8D2F54224B7159900B55295 /* Extensions */ = {
			isa = PBXGroup;
			children = (
				1FFD505C24BAC1CE009E89A9 /* AS */,
				E8D2F54324B715B100B55295 /* UI */,
			);
			path = Extensions;
			sourceTree = "<group>";
		};
		E8D2F54324B715B100B55295 /* UI */ = {
			isa = PBXGroup;
			children = (
				E8D2F54024B7157200B55295 /* ASExtentions.swift */,
			);
			path = UI;
			sourceTree = "<group>";
		};
/* End PBXGroup section */

/* Begin PBXNativeTarget section */
		E8D2F51E24B711D600B55295 /* auth_screen */ = {
			isa = PBXNativeTarget;
			buildConfigurationList = E8D2F53324B711D900B55295 /* Build configuration list for PBXNativeTarget "auth_screen" */;
			buildPhases = (
				E8D2F51B24B711D600B55295 /* Sources */,
				E8D2F51C24B711D600B55295 /* Frameworks */,
				E8D2F51D24B711D600B55295 /* Resources */,
			);
			buildRules = (
			);
			dependencies = (
			);
			name = auth_screen;
			productName = auth_screen;
			productReference = E8D2F51F24B711D600B55295 /* auth_screen.app */;
			productType = "com.apple.product-type.application";
		};
/* End PBXNativeTarget section */

/* Begin PBXProject section */
		E8D2F51724B711D600B55295 /* Project object */ = {
			isa = PBXProject;
			attributes = {
				LastSwiftUpdateCheck = 1150;
				LastUpgradeCheck = 1150;
				ORGANIZATIONNAME = "Thusitha Jayalath";
				TargetAttributes = {
					E8D2F51E24B711D600B55295 = {
						CreatedOnToolsVersion = 11.5;
					};
				};
			};
			buildConfigurationList = E8D2F51A24B711D600B55295 /* Build configuration list for PBXProject "auth_screen" */;
			compatibilityVersion = "Xcode 9.3";
			developmentRegion = en;
			hasScannedForEncodings = 0;
			knownRegions = (
				en,
				Base,
			);
			mainGroup = E8D2F51624B711D600B55295;
			productRefGroup = E8D2F52024B711D600B55295 /* Products */;
			projectDirPath = "";
			projectRoot = "";
			targets = (
				E8D2F51E24B711D600B55295 /* auth_screen */,
			);
		};
/* End PBXProject section */

/* Begin PBXResourcesBuildPhase section */
		E8D2F51D24B711D600B55295 /* Resources */ = {
			isa = PBXResourcesBuildPhase;
			buildActionMask = 2147483647;
			files = (
				E8D2F52F24B711D900B55295 /* LaunchScreen.storyboard in Resources */,
				E8D2F52C24B711D900B55295 /* Assets.xcassets in Resources */,
				E8D2F52A24B711D600B55295 /* Main.storyboard in Resources */,
			);
			runOnlyForDeploymentPostprocessing = 0;
		};
/* End PBXResourcesBuildPhase section */

/* Begin PBXSourcesBuildPhase section */
		E8D2F51B24B711D600B55295 /* Sources */ = {
			isa = PBXSourcesBuildPhase;
			buildActionMask = 2147483647;
			files = (
				E8D2F53924B712E200B55295 /* Constants.swift in Sources */,
				E8D2F52724B711D600B55295 /* AuthViewController.swift in Sources */,
				E8D2F54124B7157200B55295 /* ASExtentions.swift in Sources */,
				1FFD505E24BAC1F6009E89A9 /* EXAuthViewController.swift in Sources */,
				E8D2F53F24B7146B00B55295 /* RoundableImageViewIB.swift in Sources */,
				E8D2F53724B7129800B55295 /* ASButton.swift in Sources */,
				E8D2F53B24B7132100B55295 /* ASTextField.swift in Sources */,
				E8D2F52324B711D600B55295 /* AppDelegate.swift in Sources */,
				E8D2F52524B711D600B55295 /* SceneDelegate.swift in Sources */,
				E8D2F54524B7162D00B55295 /* RoundedImageView.swift in Sources */,
			);
			runOnlyForDeploymentPostprocessing = 0;
		};
/* End PBXSourcesBuildPhase section */

/* Begin PBXVariantGroup section */
		E8D2F52824B711D600B55295 /* Main.storyboard */ = {
			isa = PBXVariantGroup;
			children = (
				E8D2F52924B711D600B55295 /* Base */,
			);
			name = Main.storyboard;
			sourceTree = "<group>";
		};
		E8D2F52D24B711D900B55295 /* LaunchScreen.storyboard */ = {
			isa = PBXVariantGroup;
			children = (
				E8D2F52E24B711D900B55295 /* Base */,
			);
			name = LaunchScreen.storyboard;
			sourceTree = "<group>";
		};
/* End PBXVariantGroup section */

/* Begin XCBuildConfiguration section */
		E8D2F53124B711D900B55295 /* Debug */ = {
			isa = XCBuildConfiguration;
			buildSettings = {
				ALWAYS_SEARCH_USER_PATHS = NO;
				CLANG_ANALYZER_NONNULL = YES;
				CLANG_ANALYZER_NUMBER_OBJECT_CONVERSION = YES_AGGRESSIVE;
				CLANG_CXX_LANGUAGE_STANDARD = "gnu++14";
				CLANG_CXX_LIBRARY = "libc++";
				CLANG_ENABLE_MODULES = YES;
				CLANG_ENABLE_OBJC_ARC = YES;
				CLANG_ENABLE_OBJC_WEAK = YES;
				CLANG_WARN_BLOCK_CAPTURE_AUTORELEASING = YES;
				CLANG_WARN_BOOL_CONVERSION = YES;
				CLANG_WARN_COMMA = YES;
				CLANG_WARN_CONSTANT_CONVERSION = YES;
				CLANG_WARN_DEPRECATED_OBJC_IMPLEMENTATIONS = YES;
				CLANG_WARN_DIRECT_OBJC_ISA_USAGE = YES_ERROR;
				CLANG_WARN_DOCUMENTATION_COMMENTS = YES;
				CLANG_WARN_EMPTY_BODY = YES;
				CLANG_WARN_ENUM_CONVERSION = YES;
				CLANG_WARN_INFINITE_RECURSION = YES;
				CLANG_WARN_INT_CONVERSION = YES;
				CLANG_WARN_NON_LITERAL_NULL_CONVERSION = YES;
				CLANG_WARN_OBJC_IMPLICIT_RETAIN_SELF = YES;
				CLANG_WARN_OBJC_LITERAL_CONVERSION = YES;
				CLANG_WARN_OBJC_ROOT_CLASS = YES_ERROR;
				CLANG_WARN_RANGE_LOOP_ANALYSIS = YES;
				CLANG_WARN_STRICT_PROTOTYPES = YES;
				CLANG_WARN_SUSPICIOUS_MOVE = YES;
				CLANG_WARN_UNGUARDED_AVAILABILITY = YES_AGGRESSIVE;
				CLANG_WARN_UNREACHABLE_CODE = YES;
				CLANG_WARN__DUPLICATE_METHOD_MATCH = YES;
				COPY_PHASE_STRIP = NO;
				DEBUG_INFORMATION_FORMAT = dwarf;
				ENABLE_STRICT_OBJC_MSGSEND = YES;
				ENABLE_TESTABILITY = YES;
				GCC_C_LANGUAGE_STANDARD = gnu11;
				GCC_DYNAMIC_NO_PIC = NO;
				GCC_NO_COMMON_BLOCKS = YES;
				GCC_OPTIMIZATION_LEVEL = 0;
				GCC_PREPROCESSOR_DEFINITIONS = (
					"DEBUG=1",
					"$(inherited)",
				);
				GCC_WARN_64_TO_32_BIT_CONVERSION = YES;
				GCC_WARN_ABOUT_RETURN_TYPE = YES_ERROR;
				GCC_WARN_UNDECLARED_SELECTOR = YES;
				GCC_WARN_UNINITIALIZED_AUTOS = YES_AGGRESSIVE;
				GCC_WARN_UNUSED_FUNCTION = YES;
				GCC_WARN_UNUSED_VARIABLE = YES;
				IPHONEOS_DEPLOYMENT_TARGET = 13.5;
				MTL_ENABLE_DEBUG_INFO = INCLUDE_SOURCE;
				MTL_FAST_MATH = YES;
				ONLY_ACTIVE_ARCH = YES;
				SDKROOT = iphoneos;
				SWIFT_ACTIVE_COMPILATION_CONDITIONS = DEBUG;
				SWIFT_OPTIMIZATION_LEVEL = "-Onone";
			};
			name = Debug;
		};
		E8D2F53224B711D900B55295 /* Release */ = {
			isa = XCBuildConfiguration;
			buildSettings = {
				ALWAYS_SEARCH_USER_PATHS = NO;
				CLANG_ANALYZER_NONNULL = YES;
				CLANG_ANALYZER_NUMBER_OBJECT_CONVERSION = YES_AGGRESSIVE;
				CLANG_CXX_LANGUAGE_STANDARD = "gnu++14";
				CLANG_CXX_LIBRARY = "libc++";
				CLANG_ENABLE_MODULES = YES;
				CLANG_ENABLE_OBJC_ARC = YES;
				CLANG_ENABLE_OBJC_WEAK = YES;
				CLANG_WARN_BLOCK_CAPTURE_AUTORELEASING = YES;
				CLANG_WARN_BOOL_CONVERSION = YES;
				CLANG_WARN_COMMA = YES;
				CLANG_WARN_CONSTANT_CONVERSION = YES;
				CLANG_WARN_DEPRECATED_OBJC_IMPLEMENTATIONS = YES;
				CLANG_WARN_DIRECT_OBJC_ISA_USAGE = YES_ERROR;
				CLANG_WARN_DOCUMENTATION_COMMENTS = YES;
				CLANG_WARN_EMPTY_BODY = YES;
				CLANG_WARN_ENUM_CONVERSION = YES;
				CLANG_WARN_INFINITE_RECURSION = YES;
				CLANG_WARN_INT_CONVERSION = YES;
				CLANG_WARN_NON_LITERAL_NULL_CONVERSION = YES;
				CLANG_WARN_OBJC_IMPLICIT_RETAIN_SELF = YES;
				CLANG_WARN_OBJC_LITERAL_CONVERSION = YES;
				CLANG_WARN_OBJC_ROOT_CLASS = YES_ERROR;
				CLANG_WARN_RANGE_LOOP_ANALYSIS = YES;
				CLANG_WARN_STRICT_PROTOTYPES = YES;
				CLANG_WARN_SUSPICIOUS_MOVE = YES;
				CLANG_WARN_UNGUARDED_AVAILABILITY = YES_AGGRESSIVE;
				CLANG_WARN_UNREACHABLE_CODE = YES;
				CLANG_WARN__DUPLICATE_METHOD_MATCH = YES;
				COPY_PHASE_STRIP = NO;
				DEBUG_INFORMATION_FORMAT = "dwarf-with-dsym";
				ENABLE_NS_ASSERTIONS = NO;
				ENABLE_STRICT_OBJC_MSGSEND = YES;
				GCC_C_LANGUAGE_STANDARD = gnu11;
				GCC_NO_COMMON_BLOCKS = YES;
				GCC_WARN_64_TO_32_BIT_CONVERSION = YES;
				GCC_WARN_ABOUT_RETURN_TYPE = YES_ERROR;
				GCC_WARN_UNDECLARED_SELECTOR = YES;
				GCC_WARN_UNINITIALIZED_AUTOS = YES_AGGRESSIVE;
				GCC_WARN_UNUSED_FUNCTION = YES;
				GCC_WARN_UNUSED_VARIABLE = YES;
				IPHONEOS_DEPLOYMENT_TARGET = 13.5;
				MTL_ENABLE_DEBUG_INFO = NO;
				MTL_FAST_MATH = YES;
				SDKROOT = iphoneos;
				SWIFT_COMPILATION_MODE = wholemodule;
				SWIFT_OPTIMIZATION_LEVEL = "-O";
				VALIDATE_PRODUCT = YES;
			};
			name = Release;
		};
		E8D2F53424B711D900B55295 /* Debug */ = {
			isa = XCBuildConfiguration;
			buildSettings = {
				ASSETCATALOG_COMPILER_APPICON_NAME = AppIcon;
				CODE_SIGN_STYLE = Automatic;
				DEVELOPMENT_TEAM = N4NSHUT9U3;
				INFOPLIST_FILE = auth_screen/Info.plist;
				LD_RUNPATH_SEARCH_PATHS = (
					"$(inherited)",
					"@executable_path/Frameworks",
				);
				PRODUCT_BUNDLE_IDENTIFIER = "com.nibm.auth-screen";
				PRODUCT_NAME = "$(TARGET_NAME)";
				SWIFT_VERSION = 5.0;
				TARGETED_DEVICE_FAMILY = "1,2";
			};
			name = Debug;
		};
		E8D2F53524B711D900B55295 /* Release */ = {
			isa = XCBuildConfiguration;
			buildSettings = {
				ASSETCATALOG_COMPILER_APPICON_NAME = AppIcon;
				CODE_SIGN_STYLE = Automatic;
				DEVELOPMENT_TEAM = N4NSHUT9U3;
				INFOPLIST_FILE = auth_screen/Info.plist;
				LD_RUNPATH_SEARCH_PATHS = (
					"$(inherited)",
					"@executable_path/Frameworks",
				);
				PRODUCT_BUNDLE_IDENTIFIER = "com.nibm.auth-screen";
				PRODUCT_NAME = "$(TARGET_NAME)";
				SWIFT_VERSION = 5.0;
				TARGETED_DEVICE_FAMILY = "1,2";
			};
			name = Release;
		};
/* End XCBuildConfiguration section */

/* Begin XCConfigurationList section */
		E8D2F51A24B711D600B55295 /* Build configuration list for PBXProject "auth_screen" */ = {
			isa = XCConfigurationList;
			buildConfigurations = (
				E8D2F53124B711D900B55295 /* Debug */,
				E8D2F53224B711D900B55295 /* Release */,
			);
			defaultConfigurationIsVisible = 0;
			defaultConfigurationName = Release;
		};
		E8D2F53324B711D900B55295 /* Build configuration list for PBXNativeTarget "auth_screen" */ = {
			isa = XCConfigurationList;
			buildConfigurations = (
				E8D2F53424B711D900B55295 /* Debug */,
				E8D2F53524B711D900B55295 /* Release */,
			);
			defaultConfigurationIsVisible = 0;
			defaultConfigurationName = Release;
		};
/* End XCConfigurationList section */
	};
	rootObject = E8D2F51724B711D600B55295 /* Project object */;
}
