// !$*UTF8*$!
{
	archiveVersion = 1;
	classes = {
	};
	objectVersion = 50;
	objects = {

/* Begin PBXBuildFile section */
		1F82391E24E7044A00C288BD /* AppDelegate.swift in Sources */ = {isa = PBXBuildFile; fileRef = 1F82391D24E7044A00C288BD /* AppDelegate.swift */; };
		1F82392024E7044A00C288BD /* SceneDelegate.swift in Sources */ = {isa = PBXBuildFile; fileRef = 1F82391F24E7044A00C288BD /* SceneDelegate.swift */; };
		1F82392224E7044A00C288BD /* ViewController.swift in Sources */ = {isa = PBXBuildFile; fileRef = 1F82392124E7044A00C288BD /* ViewController.swift */; };
		1F82392524E7044A00C288BD /* Main.storyboard in Resources */ = {isa = PBXBuildFile; fileRef = 1F82392324E7044A00C288BD /* Main.storyboard */; };
		1F82392724E7044D00C288BD /* Assets.xcassets in Resources */ = {isa = PBXBuildFile; fileRef = 1F82392624E7044D00C288BD /* Assets.xcassets */; };
		1F82392A24E7044D00C288BD /* LaunchScreen.storyboard in Resources */ = {isa = PBXBuildFile; fileRef = 1F82392824E7044D00C288BD /* LaunchScreen.storyboard */; };
		1F82393524E7044D00C288BD /* nibmdevelopmentoneTests.swift in Sources */ = {isa = PBXBuildFile; fileRef = 1F82393424E7044D00C288BD /* nibmdevelopmentoneTests.swift */; };
		1F82394024E7056400C288BD /* Calculation.swift in Sources */ = {isa = PBXBuildFile; fileRef = 1F82393F24E7056400C288BD /* Calculation.swift */; };
/* End PBXBuildFile section */

/* Begin PBXContainerItemProxy section */
		1F82393124E7044D00C288BD /* PBXContainerItemProxy */ = {
			isa = PBXContainerItemProxy;
			containerPortal = 1F82391224E7044A00C288BD /* Project object */;
			proxyType = 1;
			remoteGlobalIDString = 1F82391924E7044A00C288BD;
			remoteInfo = nibmdevelopmentone;
		};
/* End PBXContainerItemProxy section */

/* Begin PBXFileReference section */
		1F82391A24E7044A00C288BD /* nibmdevelopmentone.app */ = {isa = PBXFileReference; explicitFileType = wrapper.application; includeInIndex = 0; path = nibmdevelopmentone.app; sourceTree = BUILT_PRODUCTS_DIR; };
		1F82391D24E7044A00C288BD /* AppDelegate.swift */ = {isa = PBXFileReference; lastKnownFileType = sourcecode.swift; path = AppDelegate.swift; sourceTree = "<group>"; };
		1F82391F24E7044A00C288BD /* SceneDelegate.swift */ = {isa = PBXFileReference; lastKnownFileType = sourcecode.swift; path = SceneDelegate.swift; sourceTree = "<group>"; };
		1F82392124E7044A00C288BD /* ViewController.swift */ = {isa = PBXFileReference; lastKnownFileType = sourcecode.swift; path = ViewController.swift; sourceTree = "<group>"; };
		1F82392424E7044A00C288BD /* Base */ = {isa = PBXFileReference; lastKnownFileType = file.storyboard; name = Base; path = Base.lproj/Main.storyboard; sourceTree = "<group>"; };
		1F82392624E7044D00C288BD /* Assets.xcassets */ = {isa = PBXFileReference; lastKnownFileType = folder.assetcatalog; path = Assets.xcassets; sourceTree = "<group>"; };
		1F82392924E7044D00C288BD /* Base */ = {isa = PBXFileReference; lastKnownFileType = file.storyboard; name = Base; path = Base.lproj/LaunchScreen.storyboard; sourceTree = "<group>"; };
		1F82392B24E7044D00C288BD /* Info.plist */ = {isa = PBXFileReference; lastKnownFileType = text.plist.xml; path = Info.plist; sourceTree = "<group>"; };
		1F82393024E7044D00C288BD /* nibmdevelopmentoneTests.xctest */ = {isa = PBXFileReference; explicitFileType = wrapper.cfbundle; includeInIndex = 0; path = nibmdevelopmentoneTests.xctest; sourceTree = BUILT_PRODUCTS_DIR; };
		1F82393424E7044D00C288BD /* nibmdevelopmentoneTests.swift */ = {isa = PBXFileReference; lastKnownFileType = sourcecode.swift; path = nibmdevelopmentoneTests.swift; sourceTree = "<group>"; };
		1F82393624E7044D00C288BD /* Info.plist */ = {isa = PBXFileReference; lastKnownFileType = text.plist.xml; path = Info.plist; sourceTree = "<group>"; };
		1F82393F24E7056400C288BD /* Calculation.swift */ = {isa = PBXFileReference; lastKnownFileType = sourcecode.swift; path = Calculation.swift; sourceTree = "<group>"; };
/* End PBXFileReference section */

/* Begin PBXFrameworksBuildPhase section */
		1F82391724E7044A00C288BD /* Frameworks */ = {
			isa = PBXFrameworksBuildPhase;
			buildActionMask = 2147483647;
			files = (
			);
			runOnlyForDeploymentPostprocessing = 0;
		};
		1F82392D24E7044D00C288BD /* Frameworks */ = {
			isa = PBXFrameworksBuildPhase;
			buildActionMask = 2147483647;
			files = (
			);
			runOnlyForDeploymentPostprocessing = 0;
		};
/* End PBXFrameworksBuildPhase section */

/* Begin PBXGroup section */
		1F82391124E7044A00C288BD = {
			isa = PBXGroup;
			children = (
				1F82391C24E7044A00C288BD /* nibmdevelopmentone */,
				1F82393324E7044D00C288BD /* nibmdevelopmentoneTests */,
				1F82391B24E7044A00C288BD /* Products */,
			);
			sourceTree = "<group>";
		};
		1F82391B24E7044A00C288BD /* Products */ = {
			isa = PBXGroup;
			children = (
				1F82391A24E7044A00C288BD /* nibmdevelopmentone.app */,
				1F82393024E7044D00C288BD /* nibmdevelopmentoneTests.xctest */,
			);
			name = Products;
			sourceTree = "<group>";
		};
		1F82391C24E7044A00C288BD /* nibmdevelopmentone */ = {
			isa = PBXGroup;
			children = (
				1F82391D24E7044A00C288BD /* AppDelegate.swift */,
				1F82391F24E7044A00C288BD /* SceneDelegate.swift */,
				1F82392124E7044A00C288BD /* ViewController.swift */,
				1F82392324E7044A00C288BD /* Main.storyboard */,
				1F82392624E7044D00C288BD /* Assets.xcassets */,
				1F82392824E7044D00C288BD /* LaunchScreen.storyboard */,
				1F82392B24E7044D00C288BD /* Info.plist */,
				1F82393F24E7056400C288BD /* Calculation.swift */,
			);
			path = nibmdevelopmentone;
			sourceTree = "<group>";
		};
		1F82393324E7044D00C288BD /* nibmdevelopmentoneTests */ = {
			isa = PBXGroup;
			children = (
				1F82393424E7044D00C288BD /* nibmdevelopmentoneTests.swift */,
				1F82393624E7044D00C288BD /* Info.plist */,
			);
			path = nibmdevelopmentoneTests;
			sourceTree = "<group>";
		};
/* End PBXGroup section */

/* Begin PBXNativeTarget section */
		1F82391924E7044A00C288BD /* nibmdevelopmentone */ = {
			isa = PBXNativeTarget;
			buildConfigurationList = 1F82393924E7044D00C288BD /* Build configuration list for PBXNativeTarget "nibmdevelopmentone" */;
			buildPhases = (
				1F82391624E7044A00C288BD /* Sources */,
				1F82391724E7044A00C288BD /* Frameworks */,
				1F82391824E7044A00C288BD /* Resources */,
			);
			buildRules = (
			);
			dependencies = (
			);
			name = nibmdevelopmentone;
			productName = nibmdevelopmentone;
			productReference = 1F82391A24E7044A00C288BD /* nibmdevelopmentone.app */;
			productType = "com.apple.product-type.application";
		};
		1F82392F24E7044D00C288BD /* nibmdevelopmentoneTests */ = {
			isa = PBXNativeTarget;
			buildConfigurationList = 1F82393C24E7044D00C288BD /* Build configuration list for PBXNativeTarget "nibmdevelopmentoneTests" */;
			buildPhases = (
				1F82392C24E7044D00C288BD /* Sources */,
				1F82392D24E7044D00C288BD /* Frameworks */,
				1F82392E24E7044D00C288BD /* Resources */,
			);
			buildRules = (
			);
			dependencies = (
				1F82393224E7044D00C288BD /* PBXTargetDependency */,
			);
			name = nibmdevelopmentoneTests;
			productName = nibmdevelopmentoneTests;
			productReference = 1F82393024E7044D00C288BD /* nibmdevelopmentoneTests.xctest */;
			productType = "com.apple.product-type.bundle.unit-test";
		};
/* End PBXNativeTarget section */

/* Begin PBXProject section */
		1F82391224E7044A00C288BD /* Project object */ = {
			isa = PBXProject;
			attributes = {
				LastSwiftUpdateCheck = 1150;
				LastUpgradeCheck = 1150;
				ORGANIZATIONNAME = nibm;
				TargetAttributes = {
					1F82391924E7044A00C288BD = {
						CreatedOnToolsVersion = 11.5;
					};
					1F82392F24E7044D00C288BD = {
						CreatedOnToolsVersion = 11.5;
						TestTargetID = 1F82391924E7044A00C288BD;
					};
				};
			};
			buildConfigurationList = 1F82391524E7044A00C288BD /* Build configuration list for PBXProject "nibmdevelopmentone" */;
			compatibilityVersion = "Xcode 9.3";
			developmentRegion = en;
			hasScannedForEncodings = 0;
			knownRegions = (
				en,
				Base,
			);
			mainGroup = 1F82391124E7044A00C288BD;
			productRefGroup = 1F82391B24E7044A00C288BD /* Products */;
			projectDirPath = "";
			projectRoot = "";
			targets = (
				1F82391924E7044A00C288BD /* nibmdevelopmentone */,
				1F82392F24E7044D00C288BD /* nibmdevelopmentoneTests */,
			);
		};
/* End PBXProject section */

/* Begin PBXResourcesBuildPhase section */
		1F82391824E7044A00C288BD /* Resources */ = {
			isa = PBXResourcesBuildPhase;
			buildActionMask = 2147483647;
			files = (
				1F82392A24E7044D00C288BD /* LaunchScreen.storyboard in Resources */,
				1F82392724E7044D00C288BD /* Assets.xcassets in Resources */,
				1F82392524E7044A00C288BD /* Main.storyboard in Resources */,
			);
			runOnlyForDeploymentPostprocessing = 0;
		};
		1F82392E24E7044D00C288BD /* Resources */ = {
			isa = PBXResourcesBuildPhase;
			buildActionMask = 2147483647;
			files = (
			);
			runOnlyForDeploymentPostprocessing = 0;
		};
/* End PBXResourcesBuildPhase section */

/* Begin PBXSourcesBuildPhase section */
		1F82391624E7044A00C288BD /* Sources */ = {
			isa = PBXSourcesBuildPhase;
			buildActionMask = 2147483647;
			files = (
				1F82392224E7044A00C288BD /* ViewController.swift in Sources */,
				1F82391E24E7044A00C288BD /* AppDelegate.swift in Sources */,
				1F82392024E7044A00C288BD /* SceneDelegate.swift in Sources */,
				1F82394024E7056400C288BD /* Calculation.swift in Sources */,
			);
			runOnlyForDeploymentPostprocessing = 0;
		};
		1F82392C24E7044D00C288BD /* Sources */ = {
			isa = PBXSourcesBuildPhase;
			buildActionMask = 2147483647;
			files = (
				1F82393524E7044D00C288BD /* nibmdevelopmentoneTests.swift in Sources */,
			);
			runOnlyForDeploymentPostprocessing = 0;
		};
/* End PBXSourcesBuildPhase section */

/* Begin PBXTargetDependency section */
		1F82393224E7044D00C288BD /* PBXTargetDependency */ = {
			isa = PBXTargetDependency;
			target = 1F82391924E7044A00C288BD /* nibmdevelopmentone */;
			targetProxy = 1F82393124E7044D00C288BD /* PBXContainerItemProxy */;
		};
/* End PBXTargetDependency section */

/* Begin PBXVariantGroup section */
		1F82392324E7044A00C288BD /* Main.storyboard */ = {
			isa = PBXVariantGroup;
			children = (
				1F82392424E7044A00C288BD /* Base */,
			);
			name = Main.storyboard;
			sourceTree = "<group>";
		};
		1F82392824E7044D00C288BD /* LaunchScreen.storyboard */ = {
			isa = PBXVariantGroup;
			children = (
				1F82392924E7044D00C288BD /* Base */,
			);
			name = LaunchScreen.storyboard;
			sourceTree = "<group>";
		};
/* End PBXVariantGroup section */

/* Begin XCBuildConfiguration section */
		1F82393724E7044D00C288BD /* Debug */ = {
			isa = XCBuildConfiguration;
			buildSettings = {
				ALWAYS_SEARCH_USER_PATHS = NO;
				CLANG_ANALYZER_NONNULL = YES;
				CLANG_ANALYZER_NUMBER_OBJECT_CONVERSION = YES_AGGRESSIVE;
				CLANG_CXX_LANGUAGE_STANDARD = "gnu++14";
				CLANG_CXX_LIBRARY = "libc++";
				CLANG_ENABLE_MODULES = YES;
				CLANG_ENABLE_OBJC_ARC = YES;
				CLANG_ENABLE_OBJC_WEAK = YES;
				CLANG_WARN_BLOCK_CAPTURE_AUTORELEASING = YES;
				CLANG_WARN_BOOL_CONVERSION = YES;
				CLANG_WARN_COMMA = YES;
				CLANG_WARN_CONSTANT_CONVERSION = YES;
				CLANG_WARN_DEPRECATED_OBJC_IMPLEMENTATIONS = YES;
				CLANG_WARN_DIRECT_OBJC_ISA_USAGE = YES_ERROR;
				CLANG_WARN_DOCUMENTATION_COMMENTS = YES;
				CLANG_WARN_EMPTY_BODY = YES;
				CLANG_WARN_ENUM_CONVERSION = YES;
				CLANG_WARN_INFINITE_RECURSION = YES;
				CLANG_WARN_INT_CONVERSION = YES;
				CLANG_WARN_NON_LITERAL_NULL_CONVERSION = YES;
				CLANG_WARN_OBJC_IMPLICIT_RETAIN_SELF = YES;
				CLANG_WARN_OBJC_LITERAL_CONVERSION = YES;
				CLANG_WARN_OBJC_ROOT_CLASS = YES_ERROR;
				CLANG_WARN_RANGE_LOOP_ANALYSIS = YES;
				CLANG_WARN_STRICT_PROTOTYPES = YES;
				CLANG_WARN_SUSPICIOUS_MOVE = YES;
				CLANG_WARN_UNGUARDED_AVAILABILITY = YES_AGGRESSIVE;
				CLANG_WARN_UNREACHABLE_CODE = YES;
				CLANG_WARN__DUPLICATE_METHOD_MATCH = YES;
				COPY_PHASE_STRIP = NO;
				DEBUG_INFORMATION_FORMAT = dwarf;
				ENABLE_STRICT_OBJC_MSGSEND = YES;
				ENABLE_TESTABILITY = YES;
				GCC_C_LANGUAGE_STANDARD = gnu11;
				GCC_DYNAMIC_NO_PIC = NO;
				GCC_NO_COMMON_BLOCKS = YES;
				GCC_OPTIMIZATION_LEVEL = 0;
				GCC_PREPROCESSOR_DEFINITIONS = (
					"DEBUG=1",
					"$(inherited)",
				);
				GCC_WARN_64_TO_32_BIT_CONVERSION = YES;
				GCC_WARN_ABOUT_RETURN_TYPE = YES_ERROR;
				GCC_WARN_UNDECLARED_SELECTOR = YES;
				GCC_WARN_UNINITIALIZED_AUTOS = YES_AGGRESSIVE;
				GCC_WARN_UNUSED_FUNCTION = YES;
				GCC_WARN_UNUSED_VARIABLE = YES;
				IPHONEOS_DEPLOYMENT_TARGET = 13.5;
				MTL_ENABLE_DEBUG_INFO = INCLUDE_SOURCE;
				MTL_FAST_MATH = YES;
				ONLY_ACTIVE_ARCH = YES;
				SDKROOT = iphoneos;
				SWIFT_ACTIVE_COMPILATION_CONDITIONS = DEBUG;
				SWIFT_OPTIMIZATION_LEVEL = "-Onone";
			};
			name = Debug;
		};
		1F82393824E7044D00C288BD /* Release */ = {
			isa = XCBuildConfiguration;
			buildSettings = {
				ALWAYS_SEARCH_USER_PATHS = NO;
				CLANG_ANALYZER_NONNULL = YES;
				CLANG_ANALYZER_NUMBER_OBJECT_CONVERSION = YES_AGGRESSIVE;
				CLANG_CXX_LANGUAGE_STANDARD = "gnu++14";
				CLANG_CXX_LIBRARY = "libc++";
				CLANG_ENABLE_MODULES = YES;
				CLANG_ENABLE_OBJC_ARC = YES;
				CLANG_ENABLE_OBJC_WEAK = YES;
				CLANG_WARN_BLOCK_CAPTURE_AUTORELEASING = YES;
				CLANG_WARN_BOOL_CONVERSION = YES;
				CLANG_WARN_COMMA = YES;
				CLANG_WARN_CONSTANT_CONVERSION = YES;
				CLANG_WARN_DEPRECATED_OBJC_IMPLEMENTATIONS = YES;
				CLANG_WARN_DIRECT_OBJC_ISA_USAGE = YES_ERROR;
				CLANG_WARN_DOCUMENTATION_COMMENTS = YES;
				CLANG_WARN_EMPTY_BODY = YES;
				CLANG_WARN_ENUM_CONVERSION = YES;
				CLANG_WARN_INFINITE_RECURSION = YES;
				CLANG_WARN_INT_CONVERSION = YES;
				CLANG_WARN_NON_LITERAL_NULL_CONVERSION = YES;
				CLANG_WARN_OBJC_IMPLICIT_RETAIN_SELF = YES;
				CLANG_WARN_OBJC_LITERAL_CONVERSION = YES;
				CLANG_WARN_OBJC_ROOT_CLASS = YES_ERROR;
				CLANG_WARN_RANGE_LOOP_ANALYSIS = YES;
				CLANG_WARN_STRICT_PROTOTYPES = YES;
				CLANG_WARN_SUSPICIOUS_MOVE = YES;
				CLANG_WARN_UNGUARDED_AVAILABILITY = YES_AGGRESSIVE;
				CLANG_WARN_UNREACHABLE_CODE = YES;
				CLANG_WARN__DUPLICATE_METHOD_MATCH = YES;
				COPY_PHASE_STRIP = NO;
				DEBUG_INFORMATION_FORMAT = "dwarf-with-dsym";
				ENABLE_NS_ASSERTIONS = NO;
				ENABLE_STRICT_OBJC_MSGSEND = YES;
				GCC_C_LANGUAGE_STANDARD = gnu11;
				GCC_NO_COMMON_BLOCKS = YES;
				GCC_WARN_64_TO_32_BIT_CONVERSION = YES;
				GCC_WARN_ABOUT_RETURN_TYPE = YES_ERROR;
				GCC_WARN_UNDECLARED_SELECTOR = YES;
				GCC_WARN_UNINITIALIZED_AUTOS = YES_AGGRESSIVE;
				GCC_WARN_UNUSED_FUNCTION = YES;
				GCC_WARN_UNUSED_VARIABLE = YES;
				IPHONEOS_DEPLOYMENT_TARGET = 13.5;
				MTL_ENABLE_DEBUG_INFO = NO;
				MTL_FAST_MATH = YES;
				SDKROOT = iphoneos;
				SWIFT_COMPILATION_MODE = wholemodule;
				SWIFT_OPTIMIZATION_LEVEL = "-O";
				VALIDATE_PRODUCT = YES;
			};
			name = Release;
		};
		1F82393A24E7044D00C288BD /* Debug */ = {
			isa = XCBuildConfiguration;
			buildSettings = {
				ASSETCATALOG_COMPILER_APPICON_NAME = AppIcon;
				CODE_SIGN_STYLE = Automatic;
				DEVELOPMENT_TEAM = N4NSHUT9U3;
				INFOPLIST_FILE = nibmdevelopmentone/Info.plist;
				LD_RUNPATH_SEARCH_PATHS = (
					"$(inherited)",
					"@executable_path/Frameworks",
				);
				PRODUCT_BUNDLE_IDENTIFIER = com.nibm.nibmdevelopmentone;
				PRODUCT_NAME = "$(TARGET_NAME)";
				SWIFT_VERSION = 5.0;
				TARGETED_DEVICE_FAMILY = "1,2";
			};
			name = Debug;
		};
		1F82393B24E7044D00C288BD /* Release */ = {
			isa = XCBuildConfiguration;
			buildSettings = {
				ASSETCATALOG_COMPILER_APPICON_NAME = AppIcon;
				CODE_SIGN_STYLE = Automatic;
				DEVELOPMENT_TEAM = N4NSHUT9U3;
				INFOPLIST_FILE = nibmdevelopmentone/Info.plist;
				LD_RUNPATH_SEARCH_PATHS = (
					"$(inherited)",
					"@executable_path/Frameworks",
				);
				PRODUCT_BUNDLE_IDENTIFIER = com.nibm.nibmdevelopmentone;
				PRODUCT_NAME = "$(TARGET_NAME)";
				SWIFT_VERSION = 5.0;
				TARGETED_DEVICE_FAMILY = "1,2";
			};
			name = Release;
		};
		1F82393D24E7044D00C288BD /* Debug */ = {
			isa = XCBuildConfiguration;
			buildSettings = {
				ALWAYS_EMBED_SWIFT_STANDARD_LIBRARIES = YES;
				BUNDLE_LOADER = "$(TEST_HOST)";
				CODE_SIGN_STYLE = Automatic;
				DEVELOPMENT_TEAM = N4NSHUT9U3;
				INFOPLIST_FILE = nibmdevelopmentoneTests/Info.plist;
				IPHONEOS_DEPLOYMENT_TARGET = 13.5;
				LD_RUNPATH_SEARCH_PATHS = (
					"$(inherited)",
					"@executable_path/Frameworks",
					"@loader_path/Frameworks",
				);
				PRODUCT_BUNDLE_IDENTIFIER = com.nibm.nibmdevelopmentoneTests;
				PRODUCT_NAME = "$(TARGET_NAME)";
				SWIFT_VERSION = 5.0;
				TARGETED_DEVICE_FAMILY = "1,2";
				TEST_HOST = "$(BUILT_PRODUCTS_DIR)/nibmdevelopmentone.app/nibmdevelopmentone";
			};
			name = Debug;
		};
		1F82393E24E7044D00C288BD /* Release */ = {
			isa = XCBuildConfiguration;
			buildSettings = {
				ALWAYS_EMBED_SWIFT_STANDARD_LIBRARIES = YES;
				BUNDLE_LOADER = "$(TEST_HOST)";
				CODE_SIGN_STYLE = Automatic;
				DEVELOPMENT_TEAM = N4NSHUT9U3;
				INFOPLIST_FILE = nibmdevelopmentoneTests/Info.plist;
				IPHONEOS_DEPLOYMENT_TARGET = 13.5;
				LD_RUNPATH_SEARCH_PATHS = (
					"$(inherited)",
					"@executable_path/Frameworks",
					"@loader_path/Frameworks",
				);
				PRODUCT_BUNDLE_IDENTIFIER = com.nibm.nibmdevelopmentoneTests;
				PRODUCT_NAME = "$(TARGET_NAME)";
				SWIFT_VERSION = 5.0;
				TARGETED_DEVICE_FAMILY = "1,2";
				TEST_HOST = "$(BUILT_PRODUCTS_DIR)/nibmdevelopmentone.app/nibmdevelopmentone";
			};
			name = Release;
		};
/* End XCBuildConfiguration section */

/* Begin XCConfigurationList section */
		1F82391524E7044A00C288BD /* Build configuration list for PBXProject "nibmdevelopmentone" */ = {
			isa = XCConfigurationList;
			buildConfigurations = (
				1F82393724E7044D00C288BD /* Debug */,
				1F82393824E7044D00C288BD /* Release */,
			);
			defaultConfigurationIsVisible = 0;
			defaultConfigurationName = Release;
		};
		1F82393924E7044D00C288BD /* Build configuration list for PBXNativeTarget "nibmdevelopmentone" */ = {
			isa = XCConfigurationList;
			buildConfigurations = (
				1F82393A24E7044D00C288BD /* Debug */,
				1F82393B24E7044D00C288BD /* Release */,
			);
			defaultConfigurationIsVisible = 0;
			defaultConfigurationName = Release;
		};
		1F82393C24E7044D00C288BD /* Build configuration list for PBXNativeTarget "nibmdevelopmentoneTests" */ = {
			isa = XCConfigurationList;
			buildConfigurations = (
				1F82393D24E7044D00C288BD /* Debug */,
				1F82393E24E7044D00C288BD /* Release */,
			);
			defaultConfigurationIsVisible = 0;
			defaultConfigurationName = Release;
		};
/* End XCConfigurationList section */
	};
	rootObject = 1F82391224E7044A00C288BD /* Project object */;
}
